
Microsoft Visual Studio Solution File, Format Version 12.00
# Visual Studio 14
VisualStudioVersion = 14.0.24720.0
MinimumVisualStudioVersion = 10.0.40219.1
Project("{FAE04EC0-301F-11D3-BF4B-00C04F79EFBC}") = "allOutlookEmailFiles", "allOutlookEmailFiles\allOutlookEmailFiles.csproj", "{31C95F0F-DEBF-43E5-A992-EAE8C7A04567}"
EndProject
Global
	GlobalSection(SolutionConfigurationPlatforms) = preSolution
		Debug|Any CPU = Debug|Any CPU
		Release|Any CPU = Release|Any CPU
	EndGlobalSection
	GlobalSection(ProjectConfigurationPlatforms) = postSolution
		{31C95F0F-DEBF-43E5-A992-EAE8C7A04567}.Debug|Any CPU.ActiveCfg = Debug|Any CPU
		{31C95F0F-DEBF-43E5-A992-EAE8C7A04567}.Debug|Any CPU.Build.0 = Debug|Any CPU
		{31C95F0F-DEBF-43E5-A992-EAE8C7A04567}.Release|Any CPU.ActiveCfg = Release|Any CPU
		{31C95F0F-DEBF-43E5-A992-EAE8C7A04567}.Release|Any CPU.Build.0 = Release|Any CPU
	EndGlobalSection
	GlobalSection(SolutionProperties) = preSolution
		HideSolutionNode = FALSE
	EndGlobalSection
EndGlobal
